
Microsoft Visual Studio Solution File, Format Version 12.00
# Visual Studio 15
Project("{FAE04EC0-301F-11D3-BF4B-00C04F79EFBC}") = "Assembly-CSharp", "Assembly-CSharp.csproj", "{2339B8A1-F0AF-2851-4E70-8BF3E3FECACE}"
EndProject
Project("{FAE04EC0-301F-11D3-BF4B-00C04F79EFBC}") = "Assembly-CSharp-Editor", "Assembly-CSharp-Editor.csproj", "{5A8D07E5-AB03-CC8E-6815-D9B582EB5078}"
EndProject
Global
	GlobalSection(SolutionConfigurationPlatforms) = preSolution
		Debug|Any CPU = Debug|Any CPU
		Release|Any CPU = Release|Any CPU
	EndGlobalSection
	GlobalSection(ProjectConfigurationPlatforms) = postSolution
		{2339B8A1-F0AF-2851-4E70-8BF3E3FECACE}.Debug|Any CPU.ActiveCfg = Debug|Any CPU
		{2339B8A1-F0AF-2851-4E70-8BF3E3FECACE}.Debug|Any CPU.Build.0 = Debug|Any CPU
		{2339B8A1-F0AF-2851-4E70-8BF3E3FECACE}.Release|Any CPU.ActiveCfg = Release|Any CPU
		{2339B8A1-F0AF-2851-4E70-8BF3E3FECACE}.Release|Any CPU.Build.0 = Release|Any CPU
		{5A8D07E5-AB03-CC8E-6815-D9B582EB5078}.Debug|Any CPU.ActiveCfg = Debug|Any CPU
		{5A8D07E5-AB03-CC8E-6815-D9B582EB5078}.Debug|Any CPU.Build.0 = Debug|Any CPU
		{5A8D07E5-AB03-CC8E-6815-D9B582EB5078}.Release|Any CPU.ActiveCfg = Release|Any CPU
		{5A8D07E5-AB03-CC8E-6815-D9B582EB5078}.Release|Any CPU.Build.0 = Release|Any CPU
	EndGlobalSection
	GlobalSection(SolutionProperties) = preSolution
		HideSolutionNode = FALSE
	EndGlobalSection
EndGlobal
