
Microsoft Visual Studio Solution File, Format Version 11.00
# Visual Studio 2010
Project("{FAE04EC0-301F-11D3-BF4B-00C04F79EFBC}") = "Assembly-CSharp", "Assembly-CSharp.csproj", "{ED568146-82E9-EC58-A349-5F15523547AA}"
EndProject
Project("{FAE04EC0-301F-11D3-BF4B-00C04F79EFBC}") = "Unity.AM.Runtime", "Unity.AM.Runtime.csproj", "{676A6999-9A50-BB3F-84DD-50487CBE1EA8}"
EndProject
Project("{FAE04EC0-301F-11D3-BF4B-00C04F79EFBC}") = "GameBasicsLibrary", "GameBasicsLibrary.csproj", "{4059EC2F-B872-0CF3-998F-6EE56194011B}"
EndProject
Project("{FAE04EC0-301F-11D3-BF4B-00C04F79EFBC}") = "Unity.AssetGraph.Editor", "Unity.AssetGraph.Editor.csproj", "{78BA2F43-729B-21A2-14E7-0103976F52EC}"
EndProject
Project("{FAE04EC0-301F-11D3-BF4B-00C04F79EFBC}") = "Unity.AM.Editor", "Unity.AM.Editor.csproj", "{A81EAD81-8BE4-22A0-49AD-5BF379C034C8}"
EndProject
Project("{FAE04EC0-301F-11D3-BF4B-00C04F79EFBC}") = "Unity.AssetBundleBrowser.Editor", "Unity.AssetBundleBrowser.Editor.csproj", "{EC1216B8-27A1-9C81-36DF-9FD66BC1B984}"
EndProject
Global
	GlobalSection(SolutionConfigurationPlatforms) = preSolution
		Debug|Any CPU = Debug|Any CPU
		Release|Any CPU = Release|Any CPU
	EndGlobalSection
	GlobalSection(ProjectConfigurationPlatforms) = postSolution
		{ED568146-82E9-EC58-A349-5F15523547AA}.Debug|Any CPU.ActiveCfg = Debug|Any CPU
		{ED568146-82E9-EC58-A349-5F15523547AA}.Debug|Any CPU.Build.0 = Debug|Any CPU
		{ED568146-82E9-EC58-A349-5F15523547AA}.Release|Any CPU.ActiveCfg = Release|Any CPU
		{ED568146-82E9-EC58-A349-5F15523547AA}.Release|Any CPU.Build.0 = Release|Any CPU
		{676A6999-9A50-BB3F-84DD-50487CBE1EA8}.Debug|Any CPU.ActiveCfg = Debug|Any CPU
		{676A6999-9A50-BB3F-84DD-50487CBE1EA8}.Debug|Any CPU.Build.0 = Debug|Any CPU
		{676A6999-9A50-BB3F-84DD-50487CBE1EA8}.Release|Any CPU.ActiveCfg = Release|Any CPU
		{676A6999-9A50-BB3F-84DD-50487CBE1EA8}.Release|Any CPU.Build.0 = Release|Any CPU
		{4059EC2F-B872-0CF3-998F-6EE56194011B}.Debug|Any CPU.ActiveCfg = Debug|Any CPU
		{4059EC2F-B872-0CF3-998F-6EE56194011B}.Debug|Any CPU.Build.0 = Debug|Any CPU
		{4059EC2F-B872-0CF3-998F-6EE56194011B}.Release|Any CPU.ActiveCfg = Release|Any CPU
		{4059EC2F-B872-0CF3-998F-6EE56194011B}.Release|Any CPU.Build.0 = Release|Any CPU
		{78BA2F43-729B-21A2-14E7-0103976F52EC}.Debug|Any CPU.ActiveCfg = Debug|Any CPU
		{78BA2F43-729B-21A2-14E7-0103976F52EC}.Debug|Any CPU.Build.0 = Debug|Any CPU
		{78BA2F43-729B-21A2-14E7-0103976F52EC}.Release|Any CPU.ActiveCfg = Release|Any CPU
		{78BA2F43-729B-21A2-14E7-0103976F52EC}.Release|Any CPU.Build.0 = Release|Any CPU
		{A81EAD81-8BE4-22A0-49AD-5BF379C034C8}.Debug|Any CPU.ActiveCfg = Debug|Any CPU
		{A81EAD81-8BE4-22A0-49AD-5BF379C034C8}.Debug|Any CPU.Build.0 = Debug|Any CPU
		{A81EAD81-8BE4-22A0-49AD-5BF379C034C8}.Release|Any CPU.ActiveCfg = Release|Any CPU
		{A81EAD81-8BE4-22A0-49AD-5BF379C034C8}.Release|Any CPU.Build.0 = Release|Any CPU
		{EC1216B8-27A1-9C81-36DF-9FD66BC1B984}.Debug|Any CPU.ActiveCfg = Debug|Any CPU
		{EC1216B8-27A1-9C81-36DF-9FD66BC1B984}.Debug|Any CPU.Build.0 = Debug|Any CPU
		{EC1216B8-27A1-9C81-36DF-9FD66BC1B984}.Release|Any CPU.ActiveCfg = Release|Any CPU
		{EC1216B8-27A1-9C81-36DF-9FD66BC1B984}.Release|Any CPU.Build.0 = Release|Any CPU
	EndGlobalSection
	GlobalSection(SolutionProperties) = preSolution
		HideSolutionNode = FALSE
	EndGlobalSection
EndGlobal
