
Microsoft Visual Studio Solution File, Format Version 11.00
# Visual Studio 2010
Project("{FAE04EC0-301F-11D3-BF4B-00C04F79EFBC}") = "UnityEngine.UI", "UnityEngine.UI.csproj", "{f3bd4659-9c69-03e6-44f9-99e76610df90}"
EndProject
Project("{FAE04EC0-301F-11D3-BF4B-00C04F79EFBC}") = "Assembly-CSharp", "Assembly-CSharp.csproj", "{d3767c0c-f44b-574a-9460-8958987b1978}"
EndProject
Project("{FAE04EC0-301F-11D3-BF4B-00C04F79EFBC}") = "UnityEditor.UI", "UnityEditor.UI.csproj", "{284145ae-0e60-1533-ca90-5aa23386e829}"
EndProject
Global
	GlobalSection(SolutionConfigurationPlatforms) = preSolution
		Debug|Any CPU = Debug|Any CPU
	EndGlobalSection
	GlobalSection(ProjectConfigurationPlatforms) = postSolution
		{f3bd4659-9c69-03e6-44f9-99e76610df90}.Debug|Any CPU.ActiveCfg = Debug|Any CPU
		{f3bd4659-9c69-03e6-44f9-99e76610df90}.Debug|Any CPU.Build.0 = Debug|Any CPU
		{d3767c0c-f44b-574a-9460-8958987b1978}.Debug|Any CPU.ActiveCfg = Debug|Any CPU
		{d3767c0c-f44b-574a-9460-8958987b1978}.Debug|Any CPU.Build.0 = Debug|Any CPU
		{284145ae-0e60-1533-ca90-5aa23386e829}.Debug|Any CPU.ActiveCfg = Debug|Any CPU
		{284145ae-0e60-1533-ca90-5aa23386e829}.Debug|Any CPU.Build.0 = Debug|Any CPU
	EndGlobalSection
	GlobalSection(SolutionProperties) = preSolution
		HideSolutionNode = FALSE
	EndGlobalSection
EndGlobal
