
Microsoft Visual Studio Solution File, Format Version 11.00
# Visual Studio 2010
Project("{FAE04EC0-301F-11D3-BF4B-00C04F79EFBC}") = "UnityEngine.UI", "UnityEngine.UI.csproj", "{5946BDF3-699C-E603-44F9-99E76610DF90}"
EndProject
Project("{FAE04EC0-301F-11D3-BF4B-00C04F79EFBC}") = "UnityEditor.UI", "UnityEditor.UI.csproj", "{AE454128-600E-3315-CA90-5AA23386E829}"
EndProject
Global
	GlobalSection(SolutionConfigurationPlatforms) = preSolution
		Debug|Any CPU = Debug|Any CPU
		Release|Any CPU = Release|Any CPU
	EndGlobalSection
	GlobalSection(ProjectConfigurationPlatforms) = postSolution
		{5946BDF3-699C-E603-44F9-99E76610DF90}.Debug|Any CPU.ActiveCfg = Debug|Any CPU
		{5946BDF3-699C-E603-44F9-99E76610DF90}.Debug|Any CPU.Build.0 = Debug|Any CPU
		{5946BDF3-699C-E603-44F9-99E76610DF90}.Release|Any CPU.ActiveCfg = Release|Any CPU
		{5946BDF3-699C-E603-44F9-99E76610DF90}.Release|Any CPU.Build.0 = Release|Any CPU
		{AE454128-600E-3315-CA90-5AA23386E829}.Debug|Any CPU.ActiveCfg = Debug|Any CPU
		{AE454128-600E-3315-CA90-5AA23386E829}.Debug|Any CPU.Build.0 = Debug|Any CPU
		{AE454128-600E-3315-CA90-5AA23386E829}.Release|Any CPU.ActiveCfg = Release|Any CPU
		{AE454128-600E-3315-CA90-5AA23386E829}.Release|Any CPU.Build.0 = Release|Any CPU
	EndGlobalSection
	GlobalSection(SolutionProperties) = preSolution
		HideSolutionNode = FALSE
	EndGlobalSection
EndGlobal
