
Microsoft Visual Studio Solution File, Format Version 11.00
# Visual Studio 2010
Project("{FAE04EC0-301F-11D3-BF4B-00C04F79EFBC}") = "Assembly-CSharp-firstpass", "Assembly-CSharp-firstpass.csproj", "{95e50180-7d3a-fdab-3ec3-ed420ab5e7e6}"
EndProject
Project("{FAE04EC0-301F-11D3-BF4B-00C04F79EFBC}") = "Assembly-CSharp-Editor-firstpass", "Assembly-CSharp-Editor-firstpass.csproj", "{89bd37f3-2c85-a1bb-d0d6-96070ca71968}"
EndProject
Project("{FAE04EC0-301F-11D3-BF4B-00C04F79EFBC}") = "Sirenix.OdinInspector.CompatibilityLayer.Editor", "Sirenix.OdinInspector.CompatibilityLayer.Editor.csproj", "{f182ba5c-2cf5-0f93-4d87-0d3e0b78c5ac}"
EndProject
Project("{FAE04EC0-301F-11D3-BF4B-00C04F79EFBC}") = "Assembly-CSharp-Editor", "Assembly-CSharp-Editor.csproj", "{2e3ba4cd-7ea1-5e85-15b1-f983f316d5db}"
EndProject
Global
	GlobalSection(SolutionConfigurationPlatforms) = preSolution
		Debug|Any CPU = Debug|Any CPU
		Release|Any CPU = Release|Any CPU
	EndGlobalSection
	GlobalSection(ProjectConfigurationPlatforms) = postSolution
		{95e50180-7d3a-fdab-3ec3-ed420ab5e7e6}.Debug|Any CPU.ActiveCfg = Debug|Any CPU
		{95e50180-7d3a-fdab-3ec3-ed420ab5e7e6}.Debug|Any CPU.Build.0 = Debug|Any CPU
		{95e50180-7d3a-fdab-3ec3-ed420ab5e7e6}.Release|Any CPU.ActiveCfg = Release|Any CPU
		{95e50180-7d3a-fdab-3ec3-ed420ab5e7e6}.Release|Any CPU.Build.0 = Release|Any CPU
		{89bd37f3-2c85-a1bb-d0d6-96070ca71968}.Debug|Any CPU.ActiveCfg = Debug|Any CPU
		{89bd37f3-2c85-a1bb-d0d6-96070ca71968}.Debug|Any CPU.Build.0 = Debug|Any CPU
		{89bd37f3-2c85-a1bb-d0d6-96070ca71968}.Release|Any CPU.ActiveCfg = Release|Any CPU
		{89bd37f3-2c85-a1bb-d0d6-96070ca71968}.Release|Any CPU.Build.0 = Release|Any CPU
		{f182ba5c-2cf5-0f93-4d87-0d3e0b78c5ac}.Debug|Any CPU.ActiveCfg = Debug|Any CPU
		{f182ba5c-2cf5-0f93-4d87-0d3e0b78c5ac}.Debug|Any CPU.Build.0 = Debug|Any CPU
		{f182ba5c-2cf5-0f93-4d87-0d3e0b78c5ac}.Release|Any CPU.ActiveCfg = Release|Any CPU
		{f182ba5c-2cf5-0f93-4d87-0d3e0b78c5ac}.Release|Any CPU.Build.0 = Release|Any CPU
		{2e3ba4cd-7ea1-5e85-15b1-f983f316d5db}.Debug|Any CPU.ActiveCfg = Debug|Any CPU
		{2e3ba4cd-7ea1-5e85-15b1-f983f316d5db}.Debug|Any CPU.Build.0 = Debug|Any CPU
		{2e3ba4cd-7ea1-5e85-15b1-f983f316d5db}.Release|Any CPU.ActiveCfg = Release|Any CPU
		{2e3ba4cd-7ea1-5e85-15b1-f983f316d5db}.Release|Any CPU.Build.0 = Release|Any CPU
	EndGlobalSection
	GlobalSection(SolutionProperties) = preSolution
		HideSolutionNode = FALSE
	EndGlobalSection
EndGlobal
