
Microsoft Visual Studio Solution File, Format Version 11.00
# Visual Studio 2010
Project("{FAE04EC0-301F-11D3-BF4B-00C04F79EFBC}") = "Assembly-CSharp", "Assembly-CSharp.csproj", "{01035437-20F6-B66F-01B3-AC34EFD0BB24}"
EndProject
Project("{FAE04EC0-301F-11D3-BF4B-00C04F79EFBC}") = "Assembly-CSharp-Editor", "Assembly-CSharp-Editor.csproj", "{B453910D-817E-F4ED-2ABC-43B39298DCC4}"
EndProject
Global
	GlobalSection(SolutionConfigurationPlatforms) = preSolution
		Debug|Any CPU = Debug|Any CPU
		Release|Any CPU = Release|Any CPU
	EndGlobalSection
	GlobalSection(ProjectConfigurationPlatforms) = postSolution
		{01035437-20F6-B66F-01B3-AC34EFD0BB24}.Debug|Any CPU.ActiveCfg = Debug|Any CPU
		{01035437-20F6-B66F-01B3-AC34EFD0BB24}.Debug|Any CPU.Build.0 = Debug|Any CPU
		{01035437-20F6-B66F-01B3-AC34EFD0BB24}.Release|Any CPU.ActiveCfg = Release|Any CPU
		{01035437-20F6-B66F-01B3-AC34EFD0BB24}.Release|Any CPU.Build.0 = Release|Any CPU
		{B453910D-817E-F4ED-2ABC-43B39298DCC4}.Debug|Any CPU.ActiveCfg = Debug|Any CPU
		{B453910D-817E-F4ED-2ABC-43B39298DCC4}.Debug|Any CPU.Build.0 = Debug|Any CPU
		{B453910D-817E-F4ED-2ABC-43B39298DCC4}.Release|Any CPU.ActiveCfg = Release|Any CPU
		{B453910D-817E-F4ED-2ABC-43B39298DCC4}.Release|Any CPU.Build.0 = Release|Any CPU
	EndGlobalSection
	GlobalSection(SolutionProperties) = preSolution
		HideSolutionNode = FALSE
	EndGlobalSection
EndGlobal
